
Microsoft Visual Studio Solution File, Format Version 12.00
# Visual Studio Version 17
VisualStudioVersion = 17.12.35506.116
MinimumVisualStudioVersion = 10.0.40219.1
Project("{FAE04EC0-301F-11D3-BF4B-00C04F79EFBC}") = "DoctorAppointment", "DoctorAppointment\DoctorAppointment.csproj", "{408C4A0C-F7F2-4F58-84C2-0244001A7C59}"
	ProjectSection(ProjectDependencies) = postProject
		{82BBA466-CA7A-4931-BD20-9189D4D08C84} = {82BBA466-CA7A-4931-BD20-9189D4D08C84}
	EndProjectSection
EndProject
Project("{FAE04EC0-301F-11D3-BF4B-00C04F79EFBC}") = "DataAccess", "DataAccess\DataAccess.csproj", "{C9863175-52E0-4F64-B5B5-5A5D8AABDE91}"
EndProject
Project("{FAE04EC0-301F-11D3-BF4B-00C04F79EFBC}") = "Models", "Models\Models.csproj", "{82BBA466-CA7A-4931-BD20-9189D4D08C84}"
EndProject
Project("{FAE04EC0-301F-11D3-BF4B-00C04F79EFBC}") = "Utility", "Utility\Utility.csproj", "{EFA132C7-C2F5-4233-B55B-43864C1704F1}"
EndProject
Global
	GlobalSection(SolutionConfigurationPlatforms) = preSolution
		Debug|Any CPU = Debug|Any CPU
		Release|Any CPU = Release|Any CPU
	EndGlobalSection
	GlobalSection(ProjectConfigurationPlatforms) = postSolution
		{408C4A0C-F7F2-4F58-84C2-0244001A7C59}.Debug|Any CPU.ActiveCfg = Debug|Any CPU
		{408C4A0C-F7F2-4F58-84C2-0244001A7C59}.Debug|Any CPU.Build.0 = Debug|Any CPU
		{408C4A0C-F7F2-4F58-84C2-0244001A7C59}.Release|Any CPU.ActiveCfg = Release|Any CPU
		{408C4A0C-F7F2-4F58-84C2-0244001A7C59}.Release|Any CPU.Build.0 = Release|Any CPU
		{C9863175-52E0-4F64-B5B5-5A5D8AABDE91}.Debug|Any CPU.ActiveCfg = Debug|Any CPU
		{C9863175-52E0-4F64-B5B5-5A5D8AABDE91}.Debug|Any CPU.Build.0 = Debug|Any CPU
		{C9863175-52E0-4F64-B5B5-5A5D8AABDE91}.Release|Any CPU.ActiveCfg = Release|Any CPU
		{C9863175-52E0-4F64-B5B5-5A5D8AABDE91}.Release|Any CPU.Build.0 = Release|Any CPU
		{82BBA466-CA7A-4931-BD20-9189D4D08C84}.Debug|Any CPU.ActiveCfg = Debug|Any CPU
		{82BBA466-CA7A-4931-BD20-9189D4D08C84}.Debug|Any CPU.Build.0 = Debug|Any CPU
		{82BBA466-CA7A-4931-BD20-9189D4D08C84}.Release|Any CPU.ActiveCfg = Release|Any CPU
		{82BBA466-CA7A-4931-BD20-9189D4D08C84}.Release|Any CPU.Build.0 = Release|Any CPU
		{EFA132C7-C2F5-4233-B55B-43864C1704F1}.Debug|Any CPU.ActiveCfg = Debug|Any CPU
		{EFA132C7-C2F5-4233-B55B-43864C1704F1}.Debug|Any CPU.Build.0 = Debug|Any CPU
		{EFA132C7-C2F5-4233-B55B-43864C1704F1}.Release|Any CPU.ActiveCfg = Release|Any CPU
		{EFA132C7-C2F5-4233-B55B-43864C1704F1}.Release|Any CPU.Build.0 = Release|Any CPU
	EndGlobalSection
	GlobalSection(SolutionProperties) = preSolution
		HideSolutionNode = FALSE
	EndGlobalSection
EndGlobal
